
Microsoft Visual Studio Solution File, Format Version 12.00
# Visual Studio Version 17
VisualStudioVersion = 17.1.32210.238
MinimumVisualStudioVersion = 10.0.40219.1
Project("{FAE04EC0-301F-11D3-BF4B-00C04F79EFBC}") = "Asset_MIS_20214040057", "Asset_MIS_20214040057\Asset_MIS_20214040057.csproj", "{0930A8EA-F606-4E2D-B9F2-ECBDE9B7C0CA}"
EndProject
Global
	GlobalSection(SolutionConfigurationPlatforms) = preSolution
		Debug|Any CPU = Debug|Any CPU
		Release|Any CPU = Release|Any CPU
	EndGlobalSection
	GlobalSection(ProjectConfigurationPlatforms) = postSolution
		{0930A8EA-F606-4E2D-B9F2-ECBDE9B7C0CA}.Debug|Any CPU.ActiveCfg = Debug|Any CPU
		{0930A8EA-F606-4E2D-B9F2-ECBDE9B7C0CA}.Debug|Any CPU.Build.0 = Debug|Any CPU
		{0930A8EA-F606-4E2D-B9F2-ECBDE9B7C0CA}.Release|Any CPU.ActiveCfg = Release|Any CPU
		{0930A8EA-F606-4E2D-B9F2-ECBDE9B7C0CA}.Release|Any CPU.Build.0 = Release|Any CPU
	EndGlobalSection
	GlobalSection(SolutionProperties) = preSolution
		HideSolutionNode = FALSE
	EndGlobalSection
	GlobalSection(ExtensibilityGlobals) = postSolution
		SolutionGuid = {C10796E8-4A7F-46A1-828E-D3A7033B1420}
	EndGlobalSection
EndGlobal
